
Microsoft Visual Studio Solution File, Format Version 12.00
# Visual Studio Version 17
VisualStudioVersion = 17.0.32014.148
MinimumVisualStudioVersion = 10.0.40219.1
Project("{9A19103F-16F7-4668-BE54-9A1E7A4F7556}") = "TicTacToe", "TicTacToe\TicTacToe.csproj", "{51CFEAB5-9952-4928-B8FB-77C09E7C8826}"
EndProject
Project("{9A19103F-16F7-4668-BE54-9A1E7A4F7556}") = "Data", "Data\Data.csproj", "{44065718-9318-466A-A05D-70B37E43D538}"
EndProject
Project("{9A19103F-16F7-4668-BE54-9A1E7A4F7556}") = "TicTacToeClass", "TicTacToeClass\TicTacToeClass.csproj", "{9B550119-429F-4A0B-9A71-EF17BB21FFA3}"
EndProject
Project("{FAE04EC0-301F-11D3-BF4B-00C04F79EFBC}") = "Shared", "Shared\Shared.csproj", "{39B9711D-62FF-4A59-9D49-252D51D8CB83}"
EndProject
Global
	GlobalSection(SolutionConfigurationPlatforms) = preSolution
		Debug|Any CPU = Debug|Any CPU
		Release|Any CPU = Release|Any CPU
	EndGlobalSection
	GlobalSection(ProjectConfigurationPlatforms) = postSolution
		{51CFEAB5-9952-4928-B8FB-77C09E7C8826}.Debug|Any CPU.ActiveCfg = Debug|Any CPU
		{51CFEAB5-9952-4928-B8FB-77C09E7C8826}.Debug|Any CPU.Build.0 = Debug|Any CPU
		{51CFEAB5-9952-4928-B8FB-77C09E7C8826}.Release|Any CPU.ActiveCfg = Release|Any CPU
		{51CFEAB5-9952-4928-B8FB-77C09E7C8826}.Release|Any CPU.Build.0 = Release|Any CPU
		{44065718-9318-466A-A05D-70B37E43D538}.Debug|Any CPU.ActiveCfg = Debug|Any CPU
		{44065718-9318-466A-A05D-70B37E43D538}.Debug|Any CPU.Build.0 = Debug|Any CPU
		{44065718-9318-466A-A05D-70B37E43D538}.Release|Any CPU.ActiveCfg = Release|Any CPU
		{44065718-9318-466A-A05D-70B37E43D538}.Release|Any CPU.Build.0 = Release|Any CPU
		{9B550119-429F-4A0B-9A71-EF17BB21FFA3}.Debug|Any CPU.ActiveCfg = Debug|Any CPU
		{9B550119-429F-4A0B-9A71-EF17BB21FFA3}.Debug|Any CPU.Build.0 = Debug|Any CPU
		{9B550119-429F-4A0B-9A71-EF17BB21FFA3}.Release|Any CPU.ActiveCfg = Release|Any CPU
		{9B550119-429F-4A0B-9A71-EF17BB21FFA3}.Release|Any CPU.Build.0 = Release|Any CPU
		{39B9711D-62FF-4A59-9D49-252D51D8CB83}.Debug|Any CPU.ActiveCfg = Debug|Any CPU
		{39B9711D-62FF-4A59-9D49-252D51D8CB83}.Debug|Any CPU.Build.0 = Debug|Any CPU
		{39B9711D-62FF-4A59-9D49-252D51D8CB83}.Release|Any CPU.ActiveCfg = Release|Any CPU
		{39B9711D-62FF-4A59-9D49-252D51D8CB83}.Release|Any CPU.Build.0 = Release|Any CPU
	EndGlobalSection
	GlobalSection(SolutionProperties) = preSolution
		HideSolutionNode = FALSE
	EndGlobalSection
	GlobalSection(ExtensibilityGlobals) = postSolution
		SolutionGuid = {D9182137-D3E3-4826-85D2-8171FEB7BEA4}
	EndGlobalSection
EndGlobal
