
Microsoft Visual Studio Solution File, Format Version 12.00
# Visual Studio Version 17
VisualStudioVersion = 17.1.32210.238
MinimumVisualStudioVersion = 10.0.40219.1
Project("{9A19103F-16F7-4668-BE54-9A1E7A4F7556}") = "00.Data", "00.Data\00.Data.csproj", "{B606FFD5-089C-48F2-99EE-F3C17954B18B}"
EndProject
Project("{9A19103F-16F7-4668-BE54-9A1E7A4F7556}") = "00.Infrastructure", "00.Infrastructure\00.Infrastructure.csproj", "{FCE8AD98-A84D-4909-A512-7FBCD1F7CC13}"
EndProject
Project("{9A19103F-16F7-4668-BE54-9A1E7A4F7556}") = "01.Games.Data", "01.Games.Data\01.Games.Data.csproj", "{AA489EFF-157C-493C-BD64-CCFE7F6624C9}"
EndProject
Project("{9A19103F-16F7-4668-BE54-9A1E7A4F7556}") = "02.Games.Core", "02.Games.Core\02.Games.Core.csproj", "{E006A80E-D927-42FC-AAC7-91069E30368D}"
EndProject
Project("{9A19103F-16F7-4668-BE54-9A1E7A4F7556}") = "03.Games.Web", "03.Games.Web\03.Games.Web.csproj", "{2838E4C3-287A-45D3-B51C-23D51B5D765D}"
EndProject
Project("{9A19103F-16F7-4668-BE54-9A1E7A4F7556}") = "04.TicTacToe", "04.TicTacToe\04.TicTacToe.csproj", "{A3276360-1AC5-453E-BA74-8F19E209A74C}"
EndProject
Project("{FAE04EC0-301F-11D3-BF4B-00C04F79EFBC}") = "05.TicTacToe.Core", "05.TicTacToe.Core\05.TicTacToe.Core.csproj", "{C46F8B84-92EB-4B8D-A105-AF20B41F8296}"
EndProject
Project("{FAE04EC0-301F-11D3-BF4B-00C04F79EFBC}") = "06.TicTacToe.Infrastructure", "06.TicTacToe.Infrastructure\06.TicTacToe.Infrastructure.csproj", "{49350DEC-9A5B-4BC7-9735-1286CFEBDB08}"
EndProject
Global
	GlobalSection(SolutionConfigurationPlatforms) = preSolution
		Debug|Any CPU = Debug|Any CPU
		Release|Any CPU = Release|Any CPU
	EndGlobalSection
	GlobalSection(ProjectConfigurationPlatforms) = postSolution
		{B606FFD5-089C-48F2-99EE-F3C17954B18B}.Debug|Any CPU.ActiveCfg = Debug|Any CPU
		{B606FFD5-089C-48F2-99EE-F3C17954B18B}.Debug|Any CPU.Build.0 = Debug|Any CPU
		{B606FFD5-089C-48F2-99EE-F3C17954B18B}.Release|Any CPU.ActiveCfg = Release|Any CPU
		{B606FFD5-089C-48F2-99EE-F3C17954B18B}.Release|Any CPU.Build.0 = Release|Any CPU
		{FCE8AD98-A84D-4909-A512-7FBCD1F7CC13}.Debug|Any CPU.ActiveCfg = Debug|Any CPU
		{FCE8AD98-A84D-4909-A512-7FBCD1F7CC13}.Debug|Any CPU.Build.0 = Debug|Any CPU
		{FCE8AD98-A84D-4909-A512-7FBCD1F7CC13}.Release|Any CPU.ActiveCfg = Release|Any CPU
		{FCE8AD98-A84D-4909-A512-7FBCD1F7CC13}.Release|Any CPU.Build.0 = Release|Any CPU
		{AA489EFF-157C-493C-BD64-CCFE7F6624C9}.Debug|Any CPU.ActiveCfg = Debug|Any CPU
		{AA489EFF-157C-493C-BD64-CCFE7F6624C9}.Debug|Any CPU.Build.0 = Debug|Any CPU
		{AA489EFF-157C-493C-BD64-CCFE7F6624C9}.Release|Any CPU.ActiveCfg = Release|Any CPU
		{AA489EFF-157C-493C-BD64-CCFE7F6624C9}.Release|Any CPU.Build.0 = Release|Any CPU
		{E006A80E-D927-42FC-AAC7-91069E30368D}.Debug|Any CPU.ActiveCfg = Debug|Any CPU
		{E006A80E-D927-42FC-AAC7-91069E30368D}.Debug|Any CPU.Build.0 = Debug|Any CPU
		{E006A80E-D927-42FC-AAC7-91069E30368D}.Release|Any CPU.ActiveCfg = Release|Any CPU
		{E006A80E-D927-42FC-AAC7-91069E30368D}.Release|Any CPU.Build.0 = Release|Any CPU
		{2838E4C3-287A-45D3-B51C-23D51B5D765D}.Debug|Any CPU.ActiveCfg = Debug|Any CPU
		{2838E4C3-287A-45D3-B51C-23D51B5D765D}.Debug|Any CPU.Build.0 = Debug|Any CPU
		{2838E4C3-287A-45D3-B51C-23D51B5D765D}.Release|Any CPU.ActiveCfg = Release|Any CPU
		{2838E4C3-287A-45D3-B51C-23D51B5D765D}.Release|Any CPU.Build.0 = Release|Any CPU
		{A3276360-1AC5-453E-BA74-8F19E209A74C}.Debug|Any CPU.ActiveCfg = Debug|Any CPU
		{A3276360-1AC5-453E-BA74-8F19E209A74C}.Debug|Any CPU.Build.0 = Debug|Any CPU
		{A3276360-1AC5-453E-BA74-8F19E209A74C}.Release|Any CPU.ActiveCfg = Release|Any CPU
		{A3276360-1AC5-453E-BA74-8F19E209A74C}.Release|Any CPU.Build.0 = Release|Any CPU
		{C46F8B84-92EB-4B8D-A105-AF20B41F8296}.Debug|Any CPU.ActiveCfg = Debug|Any CPU
		{C46F8B84-92EB-4B8D-A105-AF20B41F8296}.Debug|Any CPU.Build.0 = Debug|Any CPU
		{C46F8B84-92EB-4B8D-A105-AF20B41F8296}.Release|Any CPU.ActiveCfg = Release|Any CPU
		{C46F8B84-92EB-4B8D-A105-AF20B41F8296}.Release|Any CPU.Build.0 = Release|Any CPU
		{49350DEC-9A5B-4BC7-9735-1286CFEBDB08}.Debug|Any CPU.ActiveCfg = Debug|Any CPU
		{49350DEC-9A5B-4BC7-9735-1286CFEBDB08}.Debug|Any CPU.Build.0 = Debug|Any CPU
		{49350DEC-9A5B-4BC7-9735-1286CFEBDB08}.Release|Any CPU.ActiveCfg = Release|Any CPU
		{49350DEC-9A5B-4BC7-9735-1286CFEBDB08}.Release|Any CPU.Build.0 = Release|Any CPU
	EndGlobalSection
	GlobalSection(SolutionProperties) = preSolution
		HideSolutionNode = FALSE
	EndGlobalSection
	GlobalSection(ExtensibilityGlobals) = postSolution
		SolutionGuid = {B6BDA9EB-7F37-4901-B623-6978F9422938}
	EndGlobalSection
EndGlobal
